
Microsoft Visual Studio Solution File, Format Version 12.00
# Visual Studio Version 17
VisualStudioVersion = 17.1.32407.343
MinimumVisualStudioVersion = 10.0.40219.1
Project("{FAE04EC0-301F-11D3-BF4B-00C04F79EFBC}") = "ProyectoJCAA", "ProyectoJCAA\ProyectoJCAA.csproj", "{1BF01177-EDF7-4EA9-AF15-D4F07ADC2D71}"
EndProject
Global
	GlobalSection(SolutionConfigurationPlatforms) = preSolution
		Debug|Any CPU = Debug|Any CPU
		Release|Any CPU = Release|Any CPU
	EndGlobalSection
	GlobalSection(ProjectConfigurationPlatforms) = postSolution
		{1BF01177-EDF7-4EA9-AF15-D4F07ADC2D71}.Debug|Any CPU.ActiveCfg = Debug|Any CPU
		{1BF01177-EDF7-4EA9-AF15-D4F07ADC2D71}.Debug|Any CPU.Build.0 = Debug|Any CPU
		{1BF01177-EDF7-4EA9-AF15-D4F07ADC2D71}.Release|Any CPU.ActiveCfg = Release|Any CPU
		{1BF01177-EDF7-4EA9-AF15-D4F07ADC2D71}.Release|Any CPU.Build.0 = Release|Any CPU
	EndGlobalSection
	GlobalSection(SolutionProperties) = preSolution
		HideSolutionNode = FALSE
	EndGlobalSection
	GlobalSection(ExtensibilityGlobals) = postSolution
		SolutionGuid = {C90D1D6F-806F-4DDB-9F6D-97AD941A93A9}
	EndGlobalSection
EndGlobal
